
Microsoft Visual Studio Solution File, Format Version 12.00
# Visual Studio 15
VisualStudioVersion = 15.0.27428.2002
MinimumVisualStudioVersion = 10.0.40219.1
Project("{8BC9CEB8-8B4A-11D0-8D11-00A0C91BC942}") = "server", "server\server.vcxproj", "{68925299-E188-4A34-9751-7F631034F122}"
EndProject
Project("{8BC9CEB8-8B4A-11D0-8D11-00A0C91BC942}") = "client", "client\client.vcxproj", "{B6917728-A469-4799-BB09-CE960DF5ED54}"
EndProject
Global
	GlobalSection(SolutionConfigurationPlatforms) = preSolution
		Debug|x64 = Debug|x64
		Debug|x86 = Debug|x86
		Release|x64 = Release|x64
		Release|x86 = Release|x86
	EndGlobalSection
	GlobalSection(ProjectConfigurationPlatforms) = postSolution
		{68925299-E188-4A34-9751-7F631034F122}.Debug|x64.ActiveCfg = Debug|x64
		{68925299-E188-4A34-9751-7F631034F122}.Debug|x64.Build.0 = Debug|x64
		{68925299-E188-4A34-9751-7F631034F122}.Debug|x86.ActiveCfg = Debug|Win32
		{68925299-E188-4A34-9751-7F631034F122}.Debug|x86.Build.0 = Debug|Win32
		{68925299-E188-4A34-9751-7F631034F122}.Release|x64.ActiveCfg = Release|x64
		{68925299-E188-4A34-9751-7F631034F122}.Release|x64.Build.0 = Release|x64
		{68925299-E188-4A34-9751-7F631034F122}.Release|x86.ActiveCfg = Release|Win32
		{68925299-E188-4A34-9751-7F631034F122}.Release|x86.Build.0 = Release|Win32
		{B6917728-A469-4799-BB09-CE960DF5ED54}.Debug|x64.ActiveCfg = Debug|x64
		{B6917728-A469-4799-BB09-CE960DF5ED54}.Debug|x64.Build.0 = Debug|x64
		{B6917728-A469-4799-BB09-CE960DF5ED54}.Debug|x86.ActiveCfg = Debug|Win32
		{B6917728-A469-4799-BB09-CE960DF5ED54}.Debug|x86.Build.0 = Debug|Win32
		{B6917728-A469-4799-BB09-CE960DF5ED54}.Release|x64.ActiveCfg = Release|x64
		{B6917728-A469-4799-BB09-CE960DF5ED54}.Release|x64.Build.0 = Release|x64
		{B6917728-A469-4799-BB09-CE960DF5ED54}.Release|x86.ActiveCfg = Release|Win32
		{B6917728-A469-4799-BB09-CE960DF5ED54}.Release|x86.Build.0 = Release|Win32
	EndGlobalSection
	GlobalSection(SolutionProperties) = preSolution
		HideSolutionNode = FALSE
	EndGlobalSection
	GlobalSection(ExtensibilityGlobals) = postSolution
		SolutionGuid = {F8512C37-084D-4AD2-A092-0BCB3A4A5E3E}
	EndGlobalSection
EndGlobal
